
Microsoft Visual Studio Solution File, Format Version 12.00
# Visual Studio 15
VisualStudioVersion = 15.0.26730.16
MinimumVisualStudioVersion = 10.0.40219.1
Project("{FAE04EC0-301F-11D3-BF4B-00C04F79EFBC}") = "DragonSlayer", "DragonSlayer\DragonSlayer.csproj", "{FB8407D1-0285-46F9-B5D5-83279083FD75}"
EndProject
Global
	GlobalSection(SolutionConfigurationPlatforms) = preSolution
		Debug|Any CPU = Debug|Any CPU
		Release|Any CPU = Release|Any CPU
	EndGlobalSection
	GlobalSection(ProjectConfigurationPlatforms) = postSolution
		{FB8407D1-0285-46F9-B5D5-83279083FD75}.Debug|Any CPU.ActiveCfg = Debug|Any CPU
		{FB8407D1-0285-46F9-B5D5-83279083FD75}.Debug|Any CPU.Build.0 = Debug|Any CPU
		{FB8407D1-0285-46F9-B5D5-83279083FD75}.Release|Any CPU.ActiveCfg = Release|Any CPU
		{FB8407D1-0285-46F9-B5D5-83279083FD75}.Release|Any CPU.Build.0 = Release|Any CPU
	EndGlobalSection
	GlobalSection(SolutionProperties) = preSolution
		HideSolutionNode = FALSE
	EndGlobalSection
	GlobalSection(ExtensibilityGlobals) = postSolution
		SolutionGuid = {950939E4-5EF7-4AAC-9AC4-FD8C3C41E25B}
	EndGlobalSection
EndGlobal
